
Microsoft Visual Studio Solution File, Format Version 12.00
# Visual Studio 14
VisualStudioVersion = 14.0.24720.0
MinimumVisualStudioVersion = 10.0.40219.1
Project("{2150E333-8FDC-42A3-9474-1A3956D46DE8}") = "src", "src", "{4FDCDFA3-665B-4347-8157-1157ADE65859}"
EndProject
Project("{2150E333-8FDC-42A3-9474-1A3956D46DE8}") = "Solution Items", "Solution Items", "{F7E4F0AF-1EF9-4DF8-8522-701861866825}"
	ProjectSection(SolutionItems) = preProject
		global.json = global.json
	EndProjectSection
EndProject
Project("{8BB2217D-0F2D-49D1-97BC-3654ED321F3B}") = "BinaryFormatter", "src\BinaryFormatter\BinaryFormatter.xproj", "{05B6E943-30A4-4AFA-9329-A11128445055}"
EndProject
Project("{2150E333-8FDC-42A3-9474-1A3956D46DE8}") = "Tests", "Tests", "{B80CCA93-FD29-458E-BEFA-6BB248089C6B}"
EndProject
Project("{8BB2217D-0F2D-49D1-97BC-3654ED321F3B}") = "BinaryFormatterTests", "BinaryFormatterTests\BinaryFormatterTests.xproj", "{9A4B6B9F-4B87-4CF1-BE65-BA757A6803E3}"
EndProject
Global
	GlobalSection(SolutionConfigurationPlatforms) = preSolution
		Debug|Any CPU = Debug|Any CPU
		Release|Any CPU = Release|Any CPU
	EndGlobalSection
	GlobalSection(ProjectConfigurationPlatforms) = postSolution
		{05B6E943-30A4-4AFA-9329-A11128445055}.Debug|Any CPU.ActiveCfg = Debug|Any CPU
		{05B6E943-30A4-4AFA-9329-A11128445055}.Debug|Any CPU.Build.0 = Debug|Any CPU
		{05B6E943-30A4-4AFA-9329-A11128445055}.Release|Any CPU.ActiveCfg = Release|Any CPU
		{05B6E943-30A4-4AFA-9329-A11128445055}.Release|Any CPU.Build.0 = Release|Any CPU
		{9A4B6B9F-4B87-4CF1-BE65-BA757A6803E3}.Debug|Any CPU.ActiveCfg = Debug|Any CPU
		{9A4B6B9F-4B87-4CF1-BE65-BA757A6803E3}.Debug|Any CPU.Build.0 = Debug|Any CPU
		{9A4B6B9F-4B87-4CF1-BE65-BA757A6803E3}.Release|Any CPU.ActiveCfg = Release|Any CPU
		{9A4B6B9F-4B87-4CF1-BE65-BA757A6803E3}.Release|Any CPU.Build.0 = Release|Any CPU
	EndGlobalSection
	GlobalSection(SolutionProperties) = preSolution
		HideSolutionNode = FALSE
	EndGlobalSection
	GlobalSection(NestedProjects) = preSolution
		{05B6E943-30A4-4AFA-9329-A11128445055} = {4FDCDFA3-665B-4347-8157-1157ADE65859}
		{B80CCA93-FD29-458E-BEFA-6BB248089C6B} = {4FDCDFA3-665B-4347-8157-1157ADE65859}
		{9A4B6B9F-4B87-4CF1-BE65-BA757A6803E3} = {B80CCA93-FD29-458E-BEFA-6BB248089C6B}
	EndGlobalSection
EndGlobal
