
Microsoft Visual Studio Solution File, Format Version 12.00
# Visual Studio 15
VisualStudioVersion = 15.0.26430.12
MinimumVisualStudioVersion = 10.0.40219.1
Project("{2150E333-8FDC-42A3-9474-1A3956D46DE8}") = "Solution Items", "Solution Items", "{81E2A4D1-96F7-4B85-A3B3-9DF3F3B1604F}"
	ProjectSection(SolutionItems) = preProject
		.travis.yml = .travis.yml
		appveyor.yml = appveyor.yml
	EndProjectSection
EndProject
Project("{2150E333-8FDC-42A3-9474-1A3956D46DE8}") = "scripts", "scripts", "{0F2CAD1A-85DE-49DF-83ED-D53FD463EC2A}"
	ProjectSection(SolutionItems) = preProject
		scripts\build.sh = scripts\build.sh
		scripts\runTests.sh = scripts\runTests.sh
	EndProjectSection
EndProject
Project("{9A19103F-16F7-4668-BE54-9A1E7A4F7556}") = "BinaryFormatter", "src\BinaryFormatter\BinaryFormatter.csproj", "{16D9DF6C-9D2C-45AD-83A5-FD2C0CA46F47}"
EndProject
Project("{9A19103F-16F7-4668-BE54-9A1E7A4F7556}") = "BinaryFormatterTests", "tests\BinaryFormatterTests\BinaryFormatterTests.csproj", "{27150F43-8733-4A7E-983D-83173D825FA9}"
EndProject
Global
	GlobalSection(SolutionConfigurationPlatforms) = preSolution
		Debug|Any CPU = Debug|Any CPU
		Release|Any CPU = Release|Any CPU
	EndGlobalSection
	GlobalSection(ProjectConfigurationPlatforms) = postSolution
		{16D9DF6C-9D2C-45AD-83A5-FD2C0CA46F47}.Debug|Any CPU.ActiveCfg = Debug|Any CPU
		{16D9DF6C-9D2C-45AD-83A5-FD2C0CA46F47}.Debug|Any CPU.Build.0 = Debug|Any CPU
		{16D9DF6C-9D2C-45AD-83A5-FD2C0CA46F47}.Release|Any CPU.ActiveCfg = Release|Any CPU
		{16D9DF6C-9D2C-45AD-83A5-FD2C0CA46F47}.Release|Any CPU.Build.0 = Release|Any CPU
		{27150F43-8733-4A7E-983D-83173D825FA9}.Debug|Any CPU.ActiveCfg = Debug|Any CPU
		{27150F43-8733-4A7E-983D-83173D825FA9}.Debug|Any CPU.Build.0 = Debug|Any CPU
		{27150F43-8733-4A7E-983D-83173D825FA9}.Release|Any CPU.ActiveCfg = Release|Any CPU
		{27150F43-8733-4A7E-983D-83173D825FA9}.Release|Any CPU.Build.0 = Release|Any CPU
	EndGlobalSection
	GlobalSection(SolutionProperties) = preSolution
		HideSolutionNode = FALSE
	EndGlobalSection
EndGlobal
